// !$*UTF8*$!
{
	archiveVersion = 1;
	classes = {
	};
	objectVersion = 50;
	objects = {

/* Begin PBXBuildFile section */
		AABFF57726FD2039006476A6 /* AppDelegate.swift in Sources */ = {isa = PBXBuildFile; fileRef = AABFF57626FD2039006476A6 /* AppDelegate.swift */; };
		AABFF57926FD2039006476A6 /* SceneDelegate.swift in Sources */ = {isa = PBXBuildFile; fileRef = AABFF57826FD2039006476A6 /* SceneDelegate.swift */; };
		AABFF57B26FD2039006476A6 /* ViewController.swift in Sources */ = {isa = PBXBuildFile; fileRef = AABFF57A26FD2039006476A6 /* ViewController.swift */; };
		AABFF57E26FD2039006476A6 /* Main.storyboard in Resources */ = {isa = PBXBuildFile; fileRef = AABFF57C26FD2039006476A6 /* Main.storyboard */; };
		AABFF58026FD203D006476A6 /* Assets.xcassets in Resources */ = {isa = PBXBuildFile; fileRef = AABFF57F26FD203D006476A6 /* Assets.xcassets */; };
		AABFF58326FD203D006476A6 /* LaunchScreen.storyboard in Resources */ = {isa = PBXBuildFile; fileRef = AABFF58126FD203D006476A6 /* LaunchScreen.storyboard */; };
		AABFF58E26FD203D006476A6 /* FlixTests.swift in Sources */ = {isa = PBXBuildFile; fileRef = AABFF58D26FD203D006476A6 /* FlixTests.swift */; };
		AABFF59926FD203D006476A6 /* FlixUITests.swift in Sources */ = {isa = PBXBuildFile; fileRef = AABFF59826FD203D006476A6 /* FlixUITests.swift */; };
/* End PBXBuildFile section */

/* Begin PBXContainerItemProxy section */
		AABFF58A26FD203D006476A6 /* PBXContainerItemProxy */ = {
			isa = PBXContainerItemProxy;
			containerPortal = AABFF56B26FD2039006476A6 /* Project object */;
			proxyType = 1;
			remoteGlobalIDString = AABFF57226FD2039006476A6;
			remoteInfo = Flix;
		};
		AABFF59526FD203D006476A6 /* PBXContainerItemProxy */ = {
			isa = PBXContainerItemProxy;
			containerPortal = AABFF56B26FD2039006476A6 /* Project object */;
			proxyType = 1;
			remoteGlobalIDString = AABFF57226FD2039006476A6;
			remoteInfo = Flix;
		};
/* End PBXContainerItemProxy section */

/* Begin PBXFileReference section */
		AABFF57326FD2039006476A6 /* Flix.app */ = {isa = PBXFileReference; explicitFileType = wrapper.application; includeInIndex = 0; path = Flix.app; sourceTree = BUILT_PRODUCTS_DIR; };
		AABFF57626FD2039006476A6 /* AppDelegate.swift */ = {isa = PBXFileReference; lastKnownFileType = sourcecode.swift; path = AppDelegate.swift; sourceTree = "<group>"; };
		AABFF57826FD2039006476A6 /* SceneDelegate.swift */ = {isa = PBXFileReference; lastKnownFileType = sourcecode.swift; path = SceneDelegate.swift; sourceTree = "<group>"; };
		AABFF57A26FD2039006476A6 /* ViewController.swift */ = {isa = PBXFileReference; lastKnownFileType = sourcecode.swift; path = ViewController.swift; sourceTree = "<group>"; };
		AABFF57D26FD2039006476A6 /* Base */ = {isa = PBXFileReference; lastKnownFileType = file.storyboard; name = Base; path = Base.lproj/Main.storyboard; sourceTree = "<group>"; };
		AABFF57F26FD203D006476A6 /* Assets.xcassets */ = {isa = PBXFileReference; lastKnownFileType = folder.assetcatalog; path = Assets.xcassets; sourceTree = "<group>"; };
		AABFF58226FD203D006476A6 /* Base */ = {isa = PBXFileReference; lastKnownFileType = file.storyboard; name = Base; path = Base.lproj/LaunchScreen.storyboard; sourceTree = "<group>"; };
		AABFF58426FD203D006476A6 /* Info.plist */ = {isa = PBXFileReference; lastKnownFileType = text.plist.xml; path = Info.plist; sourceTree = "<group>"; };
		AABFF58926FD203D006476A6 /* FlixTests.xctest */ = {isa = PBXFileReference; explicitFileType = wrapper.cfbundle; includeInIndex = 0; path = FlixTests.xctest; sourceTree = BUILT_PRODUCTS_DIR; };
		AABFF58D26FD203D006476A6 /* FlixTests.swift */ = {isa = PBXFileReference; lastKnownFileType = sourcecode.swift; path = FlixTests.swift; sourceTree = "<group>"; };
		AABFF58F26FD203D006476A6 /* Info.plist */ = {isa = PBXFileReference; lastKnownFileType = text.plist.xml; path = Info.plist; sourceTree = "<group>"; };
		AABFF59426FD203D006476A6 /* FlixUITests.xctest */ = {isa = PBXFileReference; explicitFileType = wrapper.cfbundle; includeInIndex = 0; path = FlixUITests.xctest; sourceTree = BUILT_PRODUCTS_DIR; };
		AABFF59826FD203D006476A6 /* FlixUITests.swift */ = {isa = PBXFileReference; lastKnownFileType = sourcecode.swift; path = FlixUITests.swift; sourceTree = "<group>"; };
		AABFF59A26FD203D006476A6 /* Info.plist */ = {isa = PBXFileReference; lastKnownFileType = text.plist.xml; path = Info.plist; sourceTree = "<group>"; };
/* End PBXFileReference section */

/* Begin PBXFrameworksBuildPhase section */
		AABFF57026FD2039006476A6 /* Frameworks */ = {
			isa = PBXFrameworksBuildPhase;
			buildActionMask = 2147483647;
			files = (
			);
			runOnlyForDeploymentPostprocessing = 0;
		};
		AABFF58626FD203D006476A6 /* Frameworks */ = {
			isa = PBXFrameworksBuildPhase;
			buildActionMask = 2147483647;
			files = (
			);
			runOnlyForDeploymentPostprocessing = 0;
		};
		AABFF59126FD203D006476A6 /* Frameworks */ = {
			isa = PBXFrameworksBuildPhase;
			buildActionMask = 2147483647;
			files = (
			);
			runOnlyForDeploymentPostprocessing = 0;
		};
/* End PBXFrameworksBuildPhase section */

/* Begin PBXGroup section */
		AABFF56A26FD2039006476A6 = {
			isa = PBXGroup;
			children = (
				AABFF57526FD2039006476A6 /* Flix */,
				AABFF58C26FD203D006476A6 /* FlixTests */,
				AABFF59726FD203D006476A6 /* FlixUITests */,
				AABFF57426FD2039006476A6 /* Products */,
			);
			sourceTree = "<group>";
		};
		AABFF57426FD2039006476A6 /* Products */ = {
			isa = PBXGroup;
			children = (
				AABFF57326FD2039006476A6 /* Flix.app */,
				AABFF58926FD203D006476A6 /* FlixTests.xctest */,
				AABFF59426FD203D006476A6 /* FlixUITests.xctest */,
			);
			name = Products;
			sourceTree = "<group>";
		};
		AABFF57526FD2039006476A6 /* Flix */ = {
			isa = PBXGroup;
			children = (
				AABFF57626FD2039006476A6 /* AppDelegate.swift */,
				AABFF57826FD2039006476A6 /* SceneDelegate.swift */,
				AABFF57A26FD2039006476A6 /* ViewController.swift */,
				AABFF57C26FD2039006476A6 /* Main.storyboard */,
				AABFF57F26FD203D006476A6 /* Assets.xcassets */,
				AABFF58126FD203D006476A6 /* LaunchScreen.storyboard */,
				AABFF58426FD203D006476A6 /* Info.plist */,
			);
			path = Flix;
			sourceTree = "<group>";
		};
		AABFF58C26FD203D006476A6 /* FlixTests */ = {
			isa = PBXGroup;
			children = (
				AABFF58D26FD203D006476A6 /* FlixTests.swift */,
				AABFF58F26FD203D006476A6 /* Info.plist */,
			);
			path = FlixTests;
			sourceTree = "<group>";
		};
		AABFF59726FD203D006476A6 /* FlixUITests */ = {
			isa = PBXGroup;
			children = (
				AABFF59826FD203D006476A6 /* FlixUITests.swift */,
				AABFF59A26FD203D006476A6 /* Info.plist */,
			);
			path = FlixUITests;
			sourceTree = "<group>";
		};
/* End PBXGroup section */

/* Begin PBXNativeTarget section */
		AABFF57226FD2039006476A6 /* Flix */ = {
			isa = PBXNativeTarget;
			buildConfigurationList = AABFF59D26FD203D006476A6 /* Build configuration list for PBXNativeTarget "Flix" */;
			buildPhases = (
				AABFF56F26FD2039006476A6 /* Sources */,
				AABFF57026FD2039006476A6 /* Frameworks */,
				AABFF57126FD2039006476A6 /* Resources */,
			);
			buildRules = (
			);
			dependencies = (
			);
			name = Flix;
			productName = Flix;
			productReference = AABFF57326FD2039006476A6 /* Flix.app */;
			productType = "com.apple.product-type.application";
		};
		AABFF58826FD203D006476A6 /* FlixTests */ = {
			isa = PBXNativeTarget;
			buildConfigurationList = AABFF5A026FD203D006476A6 /* Build configuration list for PBXNativeTarget "FlixTests" */;
			buildPhases = (
				AABFF58526FD203D006476A6 /* Sources */,
				AABFF58626FD203D006476A6 /* Frameworks */,
				AABFF58726FD203D006476A6 /* Resources */,
			);
			buildRules = (
			);
			dependencies = (
				AABFF58B26FD203D006476A6 /* PBXTargetDependency */,
			);
			name = FlixTests;
			productName = FlixTests;
			productReference = AABFF58926FD203D006476A6 /* FlixTests.xctest */;
			productType = "com.apple.product-type.bundle.unit-test";
		};
		AABFF59326FD203D006476A6 /* FlixUITests */ = {
			isa = PBXNativeTarget;
			buildConfigurationList = AABFF5A326FD203D006476A6 /* Build configuration list for PBXNativeTarget "FlixUITests" */;
			buildPhases = (
				AABFF59026FD203D006476A6 /* Sources */,
				AABFF59126FD203D006476A6 /* Frameworks */,
				AABFF59226FD203D006476A6 /* Resources */,
			);
			buildRules = (
			);
			dependencies = (
				AABFF59626FD203D006476A6 /* PBXTargetDependency */,
			);
			name = FlixUITests;
			productName = FlixUITests;
			productReference = AABFF59426FD203D006476A6 /* FlixUITests.xctest */;
			productType = "com.apple.product-type.bundle.ui-testing";
		};
/* End PBXNativeTarget section */

/* Begin PBXProject section */
		AABFF56B26FD2039006476A6 /* Project object */ = {
			isa = PBXProject;
			attributes = {
				LastSwiftUpdateCheck = 1250;
				LastUpgradeCheck = 1250;
				TargetAttributes = {
					AABFF57226FD2039006476A6 = {
						CreatedOnToolsVersion = 12.5.1;
					};
					AABFF58826FD203D006476A6 = {
						CreatedOnToolsVersion = 12.5.1;
						TestTargetID = AABFF57226FD2039006476A6;
					};
					AABFF59326FD203D006476A6 = {
						CreatedOnToolsVersion = 12.5.1;
						TestTargetID = AABFF57226FD2039006476A6;
					};
				};
			};
			buildConfigurationList = AABFF56E26FD2039006476A6 /* Build configuration list for PBXProject "Flix" */;
			compatibilityVersion = "Xcode 9.3";
			developmentRegion = en;
			hasScannedForEncodings = 0;
			knownRegions = (
				en,
				Base,
			);
			mainGroup = AABFF56A26FD2039006476A6;
			productRefGroup = AABFF57426FD2039006476A6 /* Products */;
			projectDirPath = "";
			projectRoot = "";
			targets = (
				AABFF57226FD2039006476A6 /* Flix */,
				AABFF58826FD203D006476A6 /* FlixTests */,
				AABFF59326FD203D006476A6 /* FlixUITests */,
			);
		};
/* End PBXProject section */

/* Begin PBXResourcesBuildPhase section */
		AABFF57126FD2039006476A6 /* Resources */ = {
			isa = PBXResourcesBuildPhase;
			buildActionMask = 2147483647;
			files = (
				AABFF58326FD203D006476A6 /* LaunchScreen.storyboard in Resources */,
				AABFF58026FD203D006476A6 /* Assets.xcassets in Resources */,
				AABFF57E26FD2039006476A6 /* Main.storyboard in Resources */,
			);
			runOnlyForDeploymentPostprocessing = 0;
		};
		AABFF58726FD203D006476A6 /* Resources */ = {
			isa = PBXResourcesBuildPhase;
			buildActionMask = 2147483647;
			files = (
			);
			runOnlyForDeploymentPostprocessing = 0;
		};
		AABFF59226FD203D006476A6 /* Resources */ = {
			isa = PBXResourcesBuildPhase;
			buildActionMask = 2147483647;
			files = (
			);
			runOnlyForDeploymentPostprocessing = 0;
		};
/* End PBXResourcesBuildPhase section */

/* Begin PBXSourcesBuildPhase section */
		AABFF56F26FD2039006476A6 /* Sources */ = {
			isa = PBXSourcesBuildPhase;
			buildActionMask = 2147483647;
			files = (
				AABFF57B26FD2039006476A6 /* ViewController.swift in Sources */,
				AABFF57726FD2039006476A6 /* AppDelegate.swift in Sources */,
				AABFF57926FD2039006476A6 /* SceneDelegate.swift in Sources */,
			);
			runOnlyForDeploymentPostprocessing = 0;
		};
		AABFF58526FD203D006476A6 /* Sources */ = {
			isa = PBXSourcesBuildPhase;
			buildActionMask = 2147483647;
			files = (
				AABFF58E26FD203D006476A6 /* FlixTests.swift in Sources */,
			);
			runOnlyForDeploymentPostprocessing = 0;
		};
		AABFF59026FD203D006476A6 /* Sources */ = {
			isa = PBXSourcesBuildPhase;
			buildActionMask = 2147483647;
			files = (
				AABFF59926FD203D006476A6 /* FlixUITests.swift in Sources */,
			);
			runOnlyForDeploymentPostprocessing = 0;
		};
/* End PBXSourcesBuildPhase section */

/* Begin PBXTargetDependency section */
		AABFF58B26FD203D006476A6 /* PBXTargetDependency */ = {
			isa = PBXTargetDependency;
			target = AABFF57226FD2039006476A6 /* Flix */;
			targetProxy = AABFF58A26FD203D006476A6 /* PBXContainerItemProxy */;
		};
		AABFF59626FD203D006476A6 /* PBXTargetDependency */ = {
			isa = PBXTargetDependency;
			target = AABFF57226FD2039006476A6 /* Flix */;
			targetProxy = AABFF59526FD203D006476A6 /* PBXContainerItemProxy */;
		};
/* End PBXTargetDependency section */

/* Begin PBXVariantGroup section */
		AABFF57C26FD2039006476A6 /* Main.storyboard */ = {
			isa = PBXVariantGroup;
			children = (
				AABFF57D26FD2039006476A6 /* Base */,
			);
			name = Main.storyboard;
			sourceTree = "<group>";
		};
		AABFF58126FD203D006476A6 /* LaunchScreen.storyboard */ = {
			isa = PBXVariantGroup;
			children = (
				AABFF58226FD203D006476A6 /* Base */,
			);
			name = LaunchScreen.storyboard;
			sourceTree = "<group>";
		};
/* End PBXVariantGroup section */

/* Begin XCBuildConfiguration section */
		AABFF59B26FD203D006476A6 /* Debug */ = {
			isa = XCBuildConfiguration;
			buildSettings = {
				ALWAYS_SEARCH_USER_PATHS = NO;
				CLANG_ANALYZER_NONNULL = YES;
				CLANG_ANALYZER_NUMBER_OBJECT_CONVERSION = YES_AGGRESSIVE;
				CLANG_CXX_LANGUAGE_STANDARD = "gnu++14";
				CLANG_CXX_LIBRARY = "libc++";
				CLANG_ENABLE_MODULES = YES;
				CLANG_ENABLE_OBJC_ARC = YES;
				CLANG_ENABLE_OBJC_WEAK = YES;
				CLANG_WARN_BLOCK_CAPTURE_AUTORELEASING = YES;
				CLANG_WARN_BOOL_CONVERSION = YES;
				CLANG_WARN_COMMA = YES;
				CLANG_WARN_CONSTANT_CONVERSION = YES;
				CLANG_WARN_DEPRECATED_OBJC_IMPLEMENTATIONS = YES;
				CLANG_WARN_DIRECT_OBJC_ISA_USAGE = YES_ERROR;
				CLANG_WARN_DOCUMENTATION_COMMENTS = YES;
				CLANG_WARN_EMPTY_BODY = YES;
				CLANG_WARN_ENUM_CONVERSION = YES;
				CLANG_WARN_INFINITE_RECURSION = YES;
				CLANG_WARN_INT_CONVERSION = YES;
				CLANG_WARN_NON_LITERAL_NULL_CONVERSION = YES;
				CLANG_WARN_OBJC_IMPLICIT_RETAIN_SELF = YES;
				CLANG_WARN_OBJC_LITERAL_CONVERSION = YES;
				CLANG_WARN_OBJC_ROOT_CLASS = YES_ERROR;
				CLANG_WARN_QUOTED_INCLUDE_IN_FRAMEWORK_HEADER = YES;
				CLANG_WARN_RANGE_LOOP_ANALYSIS = YES;
				CLANG_WARN_STRICT_PROTOTYPES = YES;
				CLANG_WARN_SUSPICIOUS_MOVE = YES;
				CLANG_WARN_UNGUARDED_AVAILABILITY = YES_AGGRESSIVE;
				CLANG_WARN_UNREACHABLE_CODE = YES;
				CLANG_WARN__DUPLICATE_METHOD_MATCH = YES;
				COPY_PHASE_STRIP = NO;
				DEBUG_INFORMATION_FORMAT = dwarf;
				ENABLE_STRICT_OBJC_MSGSEND = YES;
				ENABLE_TESTABILITY = YES;
				GCC_C_LANGUAGE_STANDARD = gnu11;
				GCC_DYNAMIC_NO_PIC = NO;
				GCC_NO_COMMON_BLOCKS = YES;
				GCC_OPTIMIZATION_LEVEL = 0;
				GCC_PREPROCESSOR_DEFINITIONS = (
					"DEBUG=1",
					"$(inherited)",
				);
				GCC_WARN_64_TO_32_BIT_CONVERSION = YES;
				GCC_WARN_ABOUT_RETURN_TYPE = YES_ERROR;
				GCC_WARN_UNDECLARED_SELECTOR = YES;
				GCC_WARN_UNINITIALIZED_AUTOS = YES_AGGRESSIVE;
				GCC_WARN_UNUSED_FUNCTION = YES;
				GCC_WARN_UNUSED_VARIABLE = YES;
				IPHONEOS_DEPLOYMENT_TARGET = 14.5;
				MTL_ENABLE_DEBUG_INFO = INCLUDE_SOURCE;
				MTL_FAST_MATH = YES;
				ONLY_ACTIVE_ARCH = YES;
				SDKROOT = iphoneos;
				SWIFT_ACTIVE_COMPILATION_CONDITIONS = DEBUG;
				SWIFT_OPTIMIZATION_LEVEL = "-Onone";
			};
			name = Debug;
		};
		AABFF59C26FD203D006476A6 /* Release */ = {
			isa = XCBuildConfiguration;
			buildSettings = {
				ALWAYS_SEARCH_USER_PATHS = NO;
				CLANG_ANALYZER_NONNULL = YES;
				CLANG_ANALYZER_NUMBER_OBJECT_CONVERSION = YES_AGGRESSIVE;
				CLANG_CXX_LANGUAGE_STANDARD = "gnu++14";
				CLANG_CXX_LIBRARY = "libc++";
				CLANG_ENABLE_MODULES = YES;
				CLANG_ENABLE_OBJC_ARC = YES;
				CLANG_ENABLE_OBJC_WEAK = YES;
				CLANG_WARN_BLOCK_CAPTURE_AUTORELEASING = YES;
				CLANG_WARN_BOOL_CONVERSION = YES;
				CLANG_WARN_COMMA = YES;
				CLANG_WARN_CONSTANT_CONVERSION = YES;
				CLANG_WARN_DEPRECATED_OBJC_IMPLEMENTATIONS = YES;
				CLANG_WARN_DIRECT_OBJC_ISA_USAGE = YES_ERROR;
				CLANG_WARN_DOCUMENTATION_COMMENTS = YES;
				CLANG_WARN_EMPTY_BODY = YES;
				CLANG_WARN_ENUM_CONVERSION = YES;
				CLANG_WARN_INFINITE_RECURSION = YES;
				CLANG_WARN_INT_CONVERSION = YES;
				CLANG_WARN_NON_LITERAL_NULL_CONVERSION = YES;
				CLANG_WARN_OBJC_IMPLICIT_RETAIN_SELF = YES;
				CLANG_WARN_OBJC_LITERAL_CONVERSION = YES;
				CLANG_WARN_OBJC_ROOT_CLASS = YES_ERROR;
				CLANG_WARN_QUOTED_INCLUDE_IN_FRAMEWORK_HEADER = YES;
				CLANG_WARN_RANGE_LOOP_ANALYSIS = YES;
				CLANG_WARN_STRICT_PROTOTYPES = YES;
				CLANG_WARN_SUSPICIOUS_MOVE = YES;
				CLANG_WARN_UNGUARDED_AVAILABILITY = YES_AGGRESSIVE;
				CLANG_WARN_UNREACHABLE_CODE = YES;
				CLANG_WARN__DUPLICATE_METHOD_MATCH = YES;
				COPY_PHASE_STRIP = NO;
				DEBUG_INFORMATION_FORMAT = "dwarf-with-dsym";
				ENABLE_NS_ASSERTIONS = NO;
				ENABLE_STRICT_OBJC_MSGSEND = YES;
				GCC_C_LANGUAGE_STANDARD = gnu11;
				GCC_NO_COMMON_BLOCKS = YES;
				GCC_WARN_64_TO_32_BIT_CONVERSION = YES;
				GCC_WARN_ABOUT_RETURN_TYPE = YES_ERROR;
				GCC_WARN_UNDECLARED_SELECTOR = YES;
				GCC_WARN_UNINITIALIZED_AUTOS = YES_AGGRESSIVE;
				GCC_WARN_UNUSED_FUNCTION = YES;
				GCC_WARN_UNUSED_VARIABLE = YES;
				IPHONEOS_DEPLOYMENT_TARGET = 14.5;
				MTL_ENABLE_DEBUG_INFO = NO;
				MTL_FAST_MATH = YES;
				SDKROOT = iphoneos;
				SWIFT_COMPILATION_MODE = wholemodule;
				SWIFT_OPTIMIZATION_LEVEL = "-O";
				VALIDATE_PRODUCT = YES;
			};
			name = Release;
		};
		AABFF59E26FD203D006476A6 /* Debug */ = {
			isa = XCBuildConfiguration;
			buildSettings = {
				ASSETCATALOG_COMPILER_APPICON_NAME = AppIcon;
				ASSETCATALOG_COMPILER_GLOBAL_ACCENT_COLOR_NAME = AccentColor;
				CODE_SIGN_STYLE = Automatic;
				DEVELOPMENT_TEAM = 5AS5DT6U95;
				INFOPLIST_FILE = Flix/Info.plist;
				LD_RUNPATH_SEARCH_PATHS = (
					"$(inherited)",
					"@executable_path/Frameworks",
				);
				PRODUCT_BUNDLE_IDENTIFIER = com.yuzhen.Flix;
				PRODUCT_NAME = "$(TARGET_NAME)";
				SWIFT_VERSION = 5.0;
				TARGETED_DEVICE_FAMILY = "1,2";
			};
			name = Debug;
		};
		AABFF59F26FD203D006476A6 /* Release */ = {
			isa = XCBuildConfiguration;
			buildSettings = {
				ASSETCATALOG_COMPILER_APPICON_NAME = AppIcon;
				ASSETCATALOG_COMPILER_GLOBAL_ACCENT_COLOR_NAME = AccentColor;
				CODE_SIGN_STYLE = Automatic;
				DEVELOPMENT_TEAM = 5AS5DT6U95;
				INFOPLIST_FILE = Flix/Info.plist;
				LD_RUNPATH_SEARCH_PATHS = (
					"$(inherited)",
					"@executable_path/Frameworks",
				);
				PRODUCT_BUNDLE_IDENTIFIER = com.yuzhen.Flix;
				PRODUCT_NAME = "$(TARGET_NAME)";
				SWIFT_VERSION = 5.0;
				TARGETED_DEVICE_FAMILY = "1,2";
			};
			name = Release;
		};
		AABFF5A126FD203D006476A6 /* Debug */ = {
			isa = XCBuildConfiguration;
			buildSettings = {
				ALWAYS_EMBED_SWIFT_STANDARD_LIBRARIES = YES;
				BUNDLE_LOADER = "$(TEST_HOST)";
				CODE_SIGN_STYLE = Automatic;
				DEVELOPMENT_TEAM = 5AS5DT6U95;
				INFOPLIST_FILE = FlixTests/Info.plist;
				IPHONEOS_DEPLOYMENT_TARGET = 14.5;
				LD_RUNPATH_SEARCH_PATHS = (
					"$(inherited)",
					"@executable_path/Frameworks",
					"@loader_path/Frameworks",
				);
				PRODUCT_BUNDLE_IDENTIFIER = com.yuzhen.FlixTests;
				PRODUCT_NAME = "$(TARGET_NAME)";
				SWIFT_VERSION = 5.0;
				TARGETED_DEVICE_FAMILY = "1,2";
				TEST_HOST = "$(BUILT_PRODUCTS_DIR)/Flix.app/Flix";
			};
			name = Debug;
		};
		AABFF5A226FD203D006476A6 /* Release */ = {
			isa = XCBuildConfiguration;
			buildSettings = {
				ALWAYS_EMBED_SWIFT_STANDARD_LIBRARIES = YES;
				BUNDLE_LOADER = "$(TEST_HOST)";
				CODE_SIGN_STYLE = Automatic;
				DEVELOPMENT_TEAM = 5AS5DT6U95;
				INFOPLIST_FILE = FlixTests/Info.plist;
				IPHONEOS_DEPLOYMENT_TARGET = 14.5;
				LD_RUNPATH_SEARCH_PATHS = (
					"$(inherited)",
					"@executable_path/Frameworks",
					"@loader_path/Frameworks",
				);
				PRODUCT_BUNDLE_IDENTIFIER = com.yuzhen.FlixTests;
				PRODUCT_NAME = "$(TARGET_NAME)";
				SWIFT_VERSION = 5.0;
				TARGETED_DEVICE_FAMILY = "1,2";
				TEST_HOST = "$(BUILT_PRODUCTS_DIR)/Flix.app/Flix";
			};
			name = Release;
		};
		AABFF5A426FD203D006476A6 /* Debug */ = {
			isa = XCBuildConfiguration;
			buildSettings = {
				ALWAYS_EMBED_SWIFT_STANDARD_LIBRARIES = YES;
				CODE_SIGN_STYLE = Automatic;
				DEVELOPMENT_TEAM = 5AS5DT6U95;
				INFOPLIST_FILE = FlixUITests/Info.plist;
				LD_RUNPATH_SEARCH_PATHS = (
					"$(inherited)",
					"@executable_path/Frameworks",
					"@loader_path/Frameworks",
				);
				PRODUCT_BUNDLE_IDENTIFIER = com.yuzhen.FlixUITests;
				PRODUCT_NAME = "$(TARGET_NAME)";
				SWIFT_VERSION = 5.0;
				TARGETED_DEVICE_FAMILY = "1,2";
				TEST_TARGET_NAME = Flix;
			};
			name = Debug;
		};
		AABFF5A526FD203D006476A6 /* Release */ = {
			isa = XCBuildConfiguration;
			buildSettings = {
				ALWAYS_EMBED_SWIFT_STANDARD_LIBRARIES = YES;
				CODE_SIGN_STYLE = Automatic;
				DEVELOPMENT_TEAM = 5AS5DT6U95;
				INFOPLIST_FILE = FlixUITests/Info.plist;
				LD_RUNPATH_SEARCH_PATHS = (
					"$(inherited)",
					"@executable_path/Frameworks",
					"@loader_path/Frameworks",
				);
				PRODUCT_BUNDLE_IDENTIFIER = com.yuzhen.FlixUITests;
				PRODUCT_NAME = "$(TARGET_NAME)";
				SWIFT_VERSION = 5.0;
				TARGETED_DEVICE_FAMILY = "1,2";
				TEST_TARGET_NAME = Flix;
			};
			name = Release;
		};
/* End XCBuildConfiguration section */

/* Begin XCConfigurationList section */
		AABFF56E26FD2039006476A6 /* Build configuration list for PBXProject "Flix" */ = {
			isa = XCConfigurationList;
			buildConfigurations = (
				AABFF59B26FD203D006476A6 /* Debug */,
				AABFF59C26FD203D006476A6 /* Release */,
			);
			defaultConfigurationIsVisible = 0;
			defaultConfigurationName = Release;
		};
		AABFF59D26FD203D006476A6 /* Build configuration list for PBXNativeTarget "Flix" */ = {
			isa = XCConfigurationList;
			buildConfigurations = (
				AABFF59E26FD203D006476A6 /* Debug */,
				AABFF59F26FD203D006476A6 /* Release */,
			);
			defaultConfigurationIsVisible = 0;
			defaultConfigurationName = Release;
		};
		AABFF5A026FD203D006476A6 /* Build configuration list for PBXNativeTarget "FlixTests" */ = {
			isa = XCConfigurationList;
			buildConfigurations = (
				AABFF5A126FD203D006476A6 /* Debug */,
				AABFF5A226FD203D006476A6 /* Release */,
			);
			defaultConfigurationIsVisible = 0;
			defaultConfigurationName = Release;
		};
		AABFF5A326FD203D006476A6 /* Build configuration list for PBXNativeTarget "FlixUITests" */ = {
			isa = XCConfigurationList;
			buildConfigurations = (
				AABFF5A426FD203D006476A6 /* Debug */,
				AABFF5A526FD203D006476A6 /* Release */,
			);
			defaultConfigurationIsVisible = 0;
			defaultConfigurationName = Release;
		};
/* End XCConfigurationList section */
	};
	rootObject = AABFF56B26FD2039006476A6 /* Project object */;
}
